{
  "pins" : [
    {
      "identity" : "shimmering",
      "kind" : "remoteSourceControl",
      "location" : "https://github.com/Ahmedemad0/Shimmering.git",
      "state" : {
        "revision" : "be58dce15e33d0c4544a2c7fd66bf85265aed223",
        "version" : "1.1.4"
      }
    }
  ],
  "version" : 2
}
