{
  "pins" : [
    {
      "identity" : "shimmering",
      "kind" : "remoteSourceControl",
      "location" : "https://github.com/Ahmedemad0/Shimmering.git",
      "state" : {
        "revision" : "80f624661d80870b2df435e24031cec98fb5255d",
        "version" : "1.1.2"
      }
    }
  ],
  "version" : 2
}
