{
  "pins" : [
    {
      "identity" : "shimmering",
      "kind" : "remoteSourceControl",
      "location" : "https://github.com/Ahmedemad0/Shimmering.git",
      "state" : {
        "revision" : "e277f6d8a3e5fea6b6402ae925a4737931fe559c",
        "version" : "1.0.6"
      }
    }
  ],
  "version" : 2
}
