{
  "pins" : [
    {
      "identity" : "shimmering",
      "kind" : "remoteSourceControl",
      "location" : "https://github.com/Ahmedemad0/Shimmering.git",
      "state" : {
        "revision" : "74baac33d97709ee7717f9a43d382f8a2959ee5b",
        "version" : "1.0.4"
      }
    }
  ],
  "version" : 2
}
