{
  "pins" : [
    {
      "identity" : "shimmering",
      "kind" : "remoteSourceControl",
      "location" : "https://github.com/Ahmedemad0/Shimmering.git",
      "state" : {
        "revision" : "956ee7f57023a73d782895f55255380a6e3e1975",
        "version" : "1.0.2"
      }
    }
  ],
  "version" : 2
}
