// !$*UTF8*$!
{
	archiveVersion = 1;
	classes = {
	};
	objectVersion = 56;
	objects = {

/* Begin PBXBuildFile section */
		EAB2A6AE2ACA371D00F82B07 /* TESTsHIMMERApp.swift in Sources */ = {isa = PBXBuildFile; fileRef = EAB2A6AD2ACA371D00F82B07 /* TESTsHIMMERApp.swift */; };
		EAB2A6B02ACA371D00F82B07 /* ContentView.swift in Sources */ = {isa = PBXBuildFile; fileRef = EAB2A6AF2ACA371D00F82B07 /* ContentView.swift */; };
		EAB2A6B22ACA371F00F82B07 /* Assets.xcassets in Resources */ = {isa = PBXBuildFile; fileRef = EAB2A6B12ACA371F00F82B07 /* Assets.xcassets */; };
		EAB2A6B52ACA371F00F82B07 /* Preview Assets.xcassets in Resources */ = {isa = PBXBuildFile; fileRef = EAB2A6B42ACA371F00F82B07 /* Preview Assets.xcassets */; };
		EAB2A6BD2ACA373300F82B07 /* Shimmering in Frameworks */ = {isa = PBXBuildFile; productRef = EAB2A6BC2ACA373300F82B07 /* Shimmering */; };
/* End PBXBuildFile section */

/* Begin PBXFileReference section */
		EAB2A6AA2ACA371D00F82B07 /* TESTsHIMMER.app */ = {isa = PBXFileReference; explicitFileType = wrapper.application; includeInIndex = 0; path = TESTsHIMMER.app; sourceTree = BUILT_PRODUCTS_DIR; };
		EAB2A6AD2ACA371D00F82B07 /* TESTsHIMMERApp.swift */ = {isa = PBXFileReference; lastKnownFileType = sourcecode.swift; path = TESTsHIMMERApp.swift; sourceTree = "<group>"; };
		EAB2A6AF2ACA371D00F82B07 /* ContentView.swift */ = {isa = PBXFileReference; lastKnownFileType = sourcecode.swift; path = ContentView.swift; sourceTree = "<group>"; };
		EAB2A6B12ACA371F00F82B07 /* Assets.xcassets */ = {isa = PBXFileReference; lastKnownFileType = folder.assetcatalog; path = Assets.xcassets; sourceTree = "<group>"; };
		EAB2A6B42ACA371F00F82B07 /* Preview Assets.xcassets */ = {isa = PBXFileReference; lastKnownFileType = folder.assetcatalog; path = "Preview Assets.xcassets"; sourceTree = "<group>"; };
/* End PBXFileReference section */

/* Begin PBXFrameworksBuildPhase section */
		EAB2A6A72ACA371D00F82B07 /* Frameworks */ = {
			isa = PBXFrameworksBuildPhase;
			buildActionMask = 2147483647;
			files = (
				EAB2A6BD2ACA373300F82B07 /* Shimmering in Frameworks */,
			);
			runOnlyForDeploymentPostprocessing = 0;
		};
/* End PBXFrameworksBuildPhase section */

/* Begin PBXGroup section */
		EAB2A6A12ACA371D00F82B07 = {
			isa = PBXGroup;
			children = (
				EAB2A6AC2ACA371D00F82B07 /* TESTsHIMMER */,
				EAB2A6AB2ACA371D00F82B07 /* Products */,
			);
			sourceTree = "<group>";
		};
		EAB2A6AB2ACA371D00F82B07 /* Products */ = {
			isa = PBXGroup;
			children = (
				EAB2A6AA2ACA371D00F82B07 /* TESTsHIMMER.app */,
			);
			name = Products;
			sourceTree = "<group>";
		};
		EAB2A6AC2ACA371D00F82B07 /* TESTsHIMMER */ = {
			isa = PBXGroup;
			children = (
				EAB2A6AD2ACA371D00F82B07 /* TESTsHIMMERApp.swift */,
				EAB2A6AF2ACA371D00F82B07 /* ContentView.swift */,
				EAB2A6B12ACA371F00F82B07 /* Assets.xcassets */,
				EAB2A6B32ACA371F00F82B07 /* Preview Content */,
			);
			path = TESTsHIMMER;
			sourceTree = "<group>";
		};
		EAB2A6B32ACA371F00F82B07 /* Preview Content */ = {
			isa = PBXGroup;
			children = (
				EAB2A6B42ACA371F00F82B07 /* Preview Assets.xcassets */,
			);
			path = "Preview Content";
			sourceTree = "<group>";
		};
/* End PBXGroup section */

/* Begin PBXNativeTarget section */
		EAB2A6A92ACA371D00F82B07 /* TESTsHIMMER */ = {
			isa = PBXNativeTarget;
			buildConfigurationList = EAB2A6B82ACA371F00F82B07 /* Build configuration list for PBXNativeTarget "TESTsHIMMER" */;
			buildPhases = (
				EAB2A6A62ACA371D00F82B07 /* Sources */,
				EAB2A6A72ACA371D00F82B07 /* Frameworks */,
				EAB2A6A82ACA371D00F82B07 /* Resources */,
			);
			buildRules = (
			);
			dependencies = (
			);
			name = TESTsHIMMER;
			packageProductDependencies = (
				EAB2A6BC2ACA373300F82B07 /* Shimmering */,
			);
			productName = TESTsHIMMER;
			productReference = EAB2A6AA2ACA371D00F82B07 /* TESTsHIMMER.app */;
			productType = "com.apple.product-type.application";
		};
/* End PBXNativeTarget section */

/* Begin PBXProject section */
		EAB2A6A22ACA371D00F82B07 /* Project object */ = {
			isa = PBXProject;
			attributes = {
				BuildIndependentTargetsInParallel = 1;
				LastSwiftUpdateCheck = 1430;
				LastUpgradeCheck = 1430;
				TargetAttributes = {
					EAB2A6A92ACA371D00F82B07 = {
						CreatedOnToolsVersion = 14.3.1;
					};
				};
			};
			buildConfigurationList = EAB2A6A52ACA371D00F82B07 /* Build configuration list for PBXProject "TESTsHIMMER" */;
			compatibilityVersion = "Xcode 14.0";
			developmentRegion = en;
			hasScannedForEncodings = 0;
			knownRegions = (
				en,
				Base,
			);
			mainGroup = EAB2A6A12ACA371D00F82B07;
			packageReferences = (
				EAB2A6BB2ACA373300F82B07 /* XCRemoteSwiftPackageReference "Shimmering" */,
			);
			productRefGroup = EAB2A6AB2ACA371D00F82B07 /* Products */;
			projectDirPath = "";
			projectRoot = "";
			targets = (
				EAB2A6A92ACA371D00F82B07 /* TESTsHIMMER */,
			);
		};
/* End PBXProject section */

/* Begin PBXResourcesBuildPhase section */
		EAB2A6A82ACA371D00F82B07 /* Resources */ = {
			isa = PBXResourcesBuildPhase;
			buildActionMask = 2147483647;
			files = (
				EAB2A6B52ACA371F00F82B07 /* Preview Assets.xcassets in Resources */,
				EAB2A6B22ACA371F00F82B07 /* Assets.xcassets in Resources */,
			);
			runOnlyForDeploymentPostprocessing = 0;
		};
/* End PBXResourcesBuildPhase section */

/* Begin PBXSourcesBuildPhase section */
		EAB2A6A62ACA371D00F82B07 /* Sources */ = {
			isa = PBXSourcesBuildPhase;
			buildActionMask = 2147483647;
			files = (
				EAB2A6B02ACA371D00F82B07 /* ContentView.swift in Sources */,
				EAB2A6AE2ACA371D00F82B07 /* TESTsHIMMERApp.swift in Sources */,
			);
			runOnlyForDeploymentPostprocessing = 0;
		};
/* End PBXSourcesBuildPhase section */

/* Begin XCBuildConfiguration section */
		EAB2A6B62ACA371F00F82B07 /* Debug */ = {
			isa = XCBuildConfiguration;
			buildSettings = {
				ALWAYS_SEARCH_USER_PATHS = NO;
				CLANG_ANALYZER_NONNULL = YES;
				CLANG_ANALYZER_NUMBER_OBJECT_CONVERSION = YES_AGGRESSIVE;
				CLANG_CXX_LANGUAGE_STANDARD = "gnu++20";
				CLANG_ENABLE_MODULES = YES;
				CLANG_ENABLE_OBJC_ARC = YES;
				CLANG_ENABLE_OBJC_WEAK = YES;
				CLANG_WARN_BLOCK_CAPTURE_AUTORELEASING = YES;
				CLANG_WARN_BOOL_CONVERSION = YES;
				CLANG_WARN_COMMA = YES;
				CLANG_WARN_CONSTANT_CONVERSION = YES;
				CLANG_WARN_DEPRECATED_OBJC_IMPLEMENTATIONS = YES;
				CLANG_WARN_DIRECT_OBJC_ISA_USAGE = YES_ERROR;
				CLANG_WARN_DOCUMENTATION_COMMENTS = YES;
				CLANG_WARN_EMPTY_BODY = YES;
				CLANG_WARN_ENUM_CONVERSION = YES;
				CLANG_WARN_INFINITE_RECURSION = YES;
				CLANG_WARN_INT_CONVERSION = YES;
				CLANG_WARN_NON_LITERAL_NULL_CONVERSION = YES;
				CLANG_WARN_OBJC_IMPLICIT_RETAIN_SELF = YES;
				CLANG_WARN_OBJC_LITERAL_CONVERSION = YES;
				CLANG_WARN_OBJC_ROOT_CLASS = YES_ERROR;
				CLANG_WARN_QUOTED_INCLUDE_IN_FRAMEWORK_HEADER = YES;
				CLANG_WARN_RANGE_LOOP_ANALYSIS = YES;
				CLANG_WARN_STRICT_PROTOTYPES = YES;
				CLANG_WARN_SUSPICIOUS_MOVE = YES;
				CLANG_WARN_UNGUARDED_AVAILABILITY = YES_AGGRESSIVE;
				CLANG_WARN_UNREACHABLE_CODE = YES;
				CLANG_WARN__DUPLICATE_METHOD_MATCH = YES;
				COPY_PHASE_STRIP = NO;
				DEBUG_INFORMATION_FORMAT = dwarf;
				ENABLE_STRICT_OBJC_MSGSEND = YES;
				ENABLE_TESTABILITY = YES;
				GCC_C_LANGUAGE_STANDARD = gnu11;
				GCC_DYNAMIC_NO_PIC = NO;
				GCC_NO_COMMON_BLOCKS = YES;
				GCC_OPTIMIZATION_LEVEL = 0;
				GCC_PREPROCESSOR_DEFINITIONS = (
					"DEBUG=1",
					"$(inherited)",
				);
				GCC_WARN_64_TO_32_BIT_CONVERSION = YES;
				GCC_WARN_ABOUT_RETURN_TYPE = YES_ERROR;
				GCC_WARN_UNDECLARED_SELECTOR = YES;
				GCC_WARN_UNINITIALIZED_AUTOS = YES_AGGRESSIVE;
				GCC_WARN_UNUSED_FUNCTION = YES;
				GCC_WARN_UNUSED_VARIABLE = YES;
				IPHONEOS_DEPLOYMENT_TARGET = 16.4;
				MTL_ENABLE_DEBUG_INFO = INCLUDE_SOURCE;
				MTL_FAST_MATH = YES;
				ONLY_ACTIVE_ARCH = YES;
				SDKROOT = iphoneos;
				SWIFT_ACTIVE_COMPILATION_CONDITIONS = DEBUG;
				SWIFT_OPTIMIZATION_LEVEL = "-Onone";
			};
			name = Debug;
		};
		EAB2A6B72ACA371F00F82B07 /* Release */ = {
			isa = XCBuildConfiguration;
			buildSettings = {
				ALWAYS_SEARCH_USER_PATHS = NO;
				CLANG_ANALYZER_NONNULL = YES;
				CLANG_ANALYZER_NUMBER_OBJECT_CONVERSION = YES_AGGRESSIVE;
				CLANG_CXX_LANGUAGE_STANDARD = "gnu++20";
				CLANG_ENABLE_MODULES = YES;
				CLANG_ENABLE_OBJC_ARC = YES;
				CLANG_ENABLE_OBJC_WEAK = YES;
				CLANG_WARN_BLOCK_CAPTURE_AUTORELEASING = YES;
				CLANG_WARN_BOOL_CONVERSION = YES;
				CLANG_WARN_COMMA = YES;
				CLANG_WARN_CONSTANT_CONVERSION = YES;
				CLANG_WARN_DEPRECATED_OBJC_IMPLEMENTATIONS = YES;
				CLANG_WARN_DIRECT_OBJC_ISA_USAGE = YES_ERROR;
				CLANG_WARN_DOCUMENTATION_COMMENTS = YES;
				CLANG_WARN_EMPTY_BODY = YES;
				CLANG_WARN_ENUM_CONVERSION = YES;
				CLANG_WARN_INFINITE_RECURSION = YES;
				CLANG_WARN_INT_CONVERSION = YES;
				CLANG_WARN_NON_LITERAL_NULL_CONVERSION = YES;
				CLANG_WARN_OBJC_IMPLICIT_RETAIN_SELF = YES;
				CLANG_WARN_OBJC_LITERAL_CONVERSION = YES;
				CLANG_WARN_OBJC_ROOT_CLASS = YES_ERROR;
				CLANG_WARN_QUOTED_INCLUDE_IN_FRAMEWORK_HEADER = YES;
				CLANG_WARN_RANGE_LOOP_ANALYSIS = YES;
				CLANG_WARN_STRICT_PROTOTYPES = YES;
				CLANG_WARN_SUSPICIOUS_MOVE = YES;
				CLANG_WARN_UNGUARDED_AVAILABILITY = YES_AGGRESSIVE;
				CLANG_WARN_UNREACHABLE_CODE = YES;
				CLANG_WARN__DUPLICATE_METHOD_MATCH = YES;
				COPY_PHASE_STRIP = NO;
				DEBUG_INFORMATION_FORMAT = "dwarf-with-dsym";
				ENABLE_NS_ASSERTIONS = NO;
				ENABLE_STRICT_OBJC_MSGSEND = YES;
				GCC_C_LANGUAGE_STANDARD = gnu11;
				GCC_NO_COMMON_BLOCKS = YES;
				GCC_WARN_64_TO_32_BIT_CONVERSION = YES;
				GCC_WARN_ABOUT_RETURN_TYPE = YES_ERROR;
				GCC_WARN_UNDECLARED_SELECTOR = YES;
				GCC_WARN_UNINITIALIZED_AUTOS = YES_AGGRESSIVE;
				GCC_WARN_UNUSED_FUNCTION = YES;
				GCC_WARN_UNUSED_VARIABLE = YES;
				IPHONEOS_DEPLOYMENT_TARGET = 16.4;
				MTL_ENABLE_DEBUG_INFO = NO;
				MTL_FAST_MATH = YES;
				SDKROOT = iphoneos;
				SWIFT_COMPILATION_MODE = wholemodule;
				SWIFT_OPTIMIZATION_LEVEL = "-O";
				VALIDATE_PRODUCT = YES;
			};
			name = Release;
		};
		EAB2A6B92ACA371F00F82B07 /* Debug */ = {
			isa = XCBuildConfiguration;
			buildSettings = {
				ASSETCATALOG_COMPILER_APPICON_NAME = AppIcon;
				ASSETCATALOG_COMPILER_GLOBAL_ACCENT_COLOR_NAME = AccentColor;
				CODE_SIGN_STYLE = Automatic;
				CURRENT_PROJECT_VERSION = 1;
				DEVELOPMENT_ASSET_PATHS = "\"TESTsHIMMER/Preview Content\"";
				DEVELOPMENT_TEAM = X65JBYCV33;
				ENABLE_PREVIEWS = YES;
				GENERATE_INFOPLIST_FILE = YES;
				INFOPLIST_KEY_UIApplicationSceneManifest_Generation = YES;
				INFOPLIST_KEY_UIApplicationSupportsIndirectInputEvents = YES;
				INFOPLIST_KEY_UILaunchScreen_Generation = YES;
				INFOPLIST_KEY_UISupportedInterfaceOrientations_iPad = "UIInterfaceOrientationPortrait UIInterfaceOrientationPortraitUpsideDown UIInterfaceOrientationLandscapeLeft UIInterfaceOrientationLandscapeRight";
				INFOPLIST_KEY_UISupportedInterfaceOrientations_iPhone = "UIInterfaceOrientationPortrait UIInterfaceOrientationLandscapeLeft UIInterfaceOrientationLandscapeRight";
				LD_RUNPATH_SEARCH_PATHS = (
					"$(inherited)",
					"@executable_path/Frameworks",
				);
				MARKETING_VERSION = 1.0;
				PRODUCT_BUNDLE_IDENTIFIER = com.TESTsHIMMER;
				PRODUCT_NAME = "$(TARGET_NAME)";
				SWIFT_EMIT_LOC_STRINGS = YES;
				SWIFT_VERSION = 5.0;
				TARGETED_DEVICE_FAMILY = "1,2";
			};
			name = Debug;
		};
		EAB2A6BA2ACA371F00F82B07 /* Release */ = {
			isa = XCBuildConfiguration;
			buildSettings = {
				ASSETCATALOG_COMPILER_APPICON_NAME = AppIcon;
				ASSETCATALOG_COMPILER_GLOBAL_ACCENT_COLOR_NAME = AccentColor;
				CODE_SIGN_STYLE = Automatic;
				CURRENT_PROJECT_VERSION = 1;
				DEVELOPMENT_ASSET_PATHS = "\"TESTsHIMMER/Preview Content\"";
				DEVELOPMENT_TEAM = X65JBYCV33;
				ENABLE_PREVIEWS = YES;
				GENERATE_INFOPLIST_FILE = YES;
				INFOPLIST_KEY_UIApplicationSceneManifest_Generation = YES;
				INFOPLIST_KEY_UIApplicationSupportsIndirectInputEvents = YES;
				INFOPLIST_KEY_UILaunchScreen_Generation = YES;
				INFOPLIST_KEY_UISupportedInterfaceOrientations_iPad = "UIInterfaceOrientationPortrait UIInterfaceOrientationPortraitUpsideDown UIInterfaceOrientationLandscapeLeft UIInterfaceOrientationLandscapeRight";
				INFOPLIST_KEY_UISupportedInterfaceOrientations_iPhone = "UIInterfaceOrientationPortrait UIInterfaceOrientationLandscapeLeft UIInterfaceOrientationLandscapeRight";
				LD_RUNPATH_SEARCH_PATHS = (
					"$(inherited)",
					"@executable_path/Frameworks",
				);
				MARKETING_VERSION = 1.0;
				PRODUCT_BUNDLE_IDENTIFIER = com.TESTsHIMMER;
				PRODUCT_NAME = "$(TARGET_NAME)";
				SWIFT_EMIT_LOC_STRINGS = YES;
				SWIFT_VERSION = 5.0;
				TARGETED_DEVICE_FAMILY = "1,2";
			};
			name = Release;
		};
/* End XCBuildConfiguration section */

/* Begin XCConfigurationList section */
		EAB2A6A52ACA371D00F82B07 /* Build configuration list for PBXProject "TESTsHIMMER" */ = {
			isa = XCConfigurationList;
			buildConfigurations = (
				EAB2A6B62ACA371F00F82B07 /* Debug */,
				EAB2A6B72ACA371F00F82B07 /* Release */,
			);
			defaultConfigurationIsVisible = 0;
			defaultConfigurationName = Release;
		};
		EAB2A6B82ACA371F00F82B07 /* Build configuration list for PBXNativeTarget "TESTsHIMMER" */ = {
			isa = XCConfigurationList;
			buildConfigurations = (
				EAB2A6B92ACA371F00F82B07 /* Debug */,
				EAB2A6BA2ACA371F00F82B07 /* Release */,
			);
			defaultConfigurationIsVisible = 0;
			defaultConfigurationName = Release;
		};
/* End XCConfigurationList section */

/* Begin XCRemoteSwiftPackageReference section */
		EAB2A6BB2ACA373300F82B07 /* XCRemoteSwiftPackageReference "Shimmering" */ = {
			isa = XCRemoteSwiftPackageReference;
			repositoryURL = "https://github.com/Ahmedemad0/Shimmering.git";
			requirement = {
				kind = upToNextMajorVersion;
				minimumVersion = 1.0.0;
			};
		};
/* End XCRemoteSwiftPackageReference section */

/* Begin XCSwiftPackageProductDependency section */
		EAB2A6BC2ACA373300F82B07 /* Shimmering */ = {
			isa = XCSwiftPackageProductDependency;
			package = EAB2A6BB2ACA373300F82B07 /* XCRemoteSwiftPackageReference "Shimmering" */;
			productName = Shimmering;
		};
/* End XCSwiftPackageProductDependency section */
	};
	rootObject = EAB2A6A22ACA371D00F82B07 /* Project object */;
}
